// !$*UTF8*$!
{
	archiveVersion = 1;
	classes = {
	};
	objectVersion = 50;
	objects = {

/* Begin PBXBuildFile section */
		A401810626258E190037AA16 /* Functional.swift in Sources */ = {isa = PBXBuildFile; fileRef = A401810526258E190037AA16 /* Functional.swift */; };
		A43815F22679DC8700B68511 /* normal.png in Resources */ = {isa = PBXBuildFile; fileRef = A43815EE2679DC8600B68511 /* normal.png */; };
		A43815F32679DC8700B68511 /* metallic.png in Resources */ = {isa = PBXBuildFile; fileRef = A43815EF2679DC8600B68511 /* metallic.png */; };
		A43815F42679DC8700B68511 /* baseColor.png in Resources */ = {isa = PBXBuildFile; fileRef = A43815F02679DC8700B68511 /* baseColor.png */; };
		A43815F52679DC8700B68511 /* roughness.png in Resources */ = {isa = PBXBuildFile; fileRef = A43815F12679DC8700B68511 /* roughness.png */; };
		A4A2406325BD241F00F4B299 /* AppDelegate.swift in Sources */ = {isa = PBXBuildFile; fileRef = A4A2406225BD241F00F4B299 /* AppDelegate.swift */; };
		A4A2406525BD241F00F4B299 /* ViewController.swift in Sources */ = {isa = PBXBuildFile; fileRef = A4A2406425BD241F00F4B299 /* ViewController.swift */; };
		A4A2406C25BD242100F4B299 /* Assets.xcassets in Resources */ = {isa = PBXBuildFile; fileRef = A4A2406B25BD242100F4B299 /* Assets.xcassets */; };
		A4A2406F25BD242100F4B299 /* LaunchScreen.storyboard in Resources */ = {isa = PBXBuildFile; fileRef = A4A2406D25BD242100F4B299 /* LaunchScreen.storyboard */; };
		A4A2407925BD24B100F4B299 /* Skeleton.swift in Sources */ = {isa = PBXBuildFile; fileRef = A4A2407825BD24B100F4B299 /* Skeleton.swift */; };
		A4A414DA267987A80014EF14 /* Stretch.metal in Sources */ = {isa = PBXBuildFile; fileRef = A4A414D9267987A80014EF14 /* Stretch.metal */; };
		A4A414DC2679897D0014EF14 /* ARView.swift in Sources */ = {isa = PBXBuildFile; fileRef = A4A414DB2679897D0014EF14 /* ARView.swift */; };
/* End PBXBuildFile section */

/* Begin PBXFileReference section */
		A401810526258E190037AA16 /* Functional.swift */ = {isa = PBXFileReference; fileEncoding = 4; lastKnownFileType = sourcecode.swift; path = Functional.swift; sourceTree = "<group>"; };
		A43815EE2679DC8600B68511 /* normal.png */ = {isa = PBXFileReference; lastKnownFileType = image.png; path = normal.png; sourceTree = "<group>"; };
		A43815EF2679DC8600B68511 /* metallic.png */ = {isa = PBXFileReference; lastKnownFileType = image.png; path = metallic.png; sourceTree = "<group>"; };
		A43815F02679DC8700B68511 /* baseColor.png */ = {isa = PBXFileReference; lastKnownFileType = image.png; path = baseColor.png; sourceTree = "<group>"; };
		A43815F12679DC8700B68511 /* roughness.png */ = {isa = PBXFileReference; lastKnownFileType = image.png; path = roughness.png; sourceTree = "<group>"; };
		A4A2405F25BD241F00F4B299 /* BodyTracking.app */ = {isa = PBXFileReference; explicitFileType = wrapper.application; includeInIndex = 0; path = BodyTracking.app; sourceTree = BUILT_PRODUCTS_DIR; };
		A4A2406225BD241F00F4B299 /* AppDelegate.swift */ = {isa = PBXFileReference; lastKnownFileType = sourcecode.swift; path = AppDelegate.swift; sourceTree = "<group>"; };
		A4A2406425BD241F00F4B299 /* ViewController.swift */ = {isa = PBXFileReference; lastKnownFileType = sourcecode.swift; path = ViewController.swift; sourceTree = "<group>"; };
		A4A2406B25BD242100F4B299 /* Assets.xcassets */ = {isa = PBXFileReference; lastKnownFileType = folder.assetcatalog; path = Assets.xcassets; sourceTree = "<group>"; };
		A4A2406E25BD242100F4B299 /* Base */ = {isa = PBXFileReference; lastKnownFileType = file.storyboard; name = Base; path = Base.lproj/LaunchScreen.storyboard; sourceTree = "<group>"; };
		A4A2407025BD242100F4B299 /* Info.plist */ = {isa = PBXFileReference; lastKnownFileType = text.plist.xml; path = Info.plist; sourceTree = "<group>"; };
		A4A2407825BD24B100F4B299 /* Skeleton.swift */ = {isa = PBXFileReference; lastKnownFileType = sourcecode.swift; path = Skeleton.swift; sourceTree = "<group>"; };
		A4A414D9267987A80014EF14 /* Stretch.metal */ = {isa = PBXFileReference; lastKnownFileType = sourcecode.metal; path = Stretch.metal; sourceTree = "<group>"; };
		A4A414DB2679897D0014EF14 /* ARView.swift */ = {isa = PBXFileReference; lastKnownFileType = sourcecode.swift; path = ARView.swift; sourceTree = "<group>"; };
/* End PBXFileReference section */

/* Begin PBXFrameworksBuildPhase section */
		A4A2405C25BD241F00F4B299 /* Frameworks */ = {
			isa = PBXFrameworksBuildPhase;
			buildActionMask = 2147483647;
			files = (
			);
			runOnlyForDeploymentPostprocessing = 0;
		};
/* End PBXFrameworksBuildPhase section */

/* Begin PBXGroup section */
		A401810426258E190037AA16 /* Helpers */ = {
			isa = PBXGroup;
			children = (
				A401810526258E190037AA16 /* Functional.swift */,
				A4A414DD267989850014EF14 /* Extensions */,
			);
			path = Helpers;
			sourceTree = "<group>";
		};
		A401810A26258F560037AA16 /* Assets */ = {
			isa = PBXGroup;
			children = (
				A4A414DE2679D6570014EF14 /* Textures */,
				A4A2406B25BD242100F4B299 /* Assets.xcassets */,
				A4A2406D25BD242100F4B299 /* LaunchScreen.storyboard */,
			);
			path = Assets;
			sourceTree = "<group>";
		};
		A4A2405625BD241F00F4B299 = {
			isa = PBXGroup;
			children = (
				A4A2406125BD241F00F4B299 /* BodyTracking */,
				A401810426258E190037AA16 /* Helpers */,
				A4A2406025BD241F00F4B299 /* Products */,
			);
			sourceTree = "<group>";
		};
		A4A2406025BD241F00F4B299 /* Products */ = {
			isa = PBXGroup;
			children = (
				A4A2405F25BD241F00F4B299 /* BodyTracking.app */,
			);
			name = Products;
			sourceTree = "<group>";
		};
		A4A2406125BD241F00F4B299 /* BodyTracking */ = {
			isa = PBXGroup;
			children = (
				A4A2406225BD241F00F4B299 /* AppDelegate.swift */,
				A4A2406425BD241F00F4B299 /* ViewController.swift */,
				A4A2407825BD24B100F4B299 /* Skeleton.swift */,
				A4A414D9267987A80014EF14 /* Stretch.metal */,
				A4A2407025BD242100F4B299 /* Info.plist */,
				A401810A26258F560037AA16 /* Assets */,
			);
			path = BodyTracking;
			sourceTree = "<group>";
		};
		A4A414DD267989850014EF14 /* Extensions */ = {
			isa = PBXGroup;
			children = (
				A4A414DB2679897D0014EF14 /* ARView.swift */,
			);
			path = Extensions;
			sourceTree = "<group>";
		};
		A4A414DE2679D6570014EF14 /* Textures */ = {
			isa = PBXGroup;
			children = (
				A43815F02679DC8700B68511 /* baseColor.png */,
				A43815EF2679DC8600B68511 /* metallic.png */,
				A43815EE2679DC8600B68511 /* normal.png */,
				A43815F12679DC8700B68511 /* roughness.png */,
			);
			path = Textures;
			sourceTree = "<group>";
		};
/* End PBXGroup section */

/* Begin PBXNativeTarget section */
		A4A2405E25BD241F00F4B299 /* BodyTracking */ = {
			isa = PBXNativeTarget;
			buildConfigurationList = A4A2407325BD242100F4B299 /* Build configuration list for PBXNativeTarget "BodyTracking" */;
			buildPhases = (
				A4A2405B25BD241F00F4B299 /* Sources */,
				A4A2405C25BD241F00F4B299 /* Frameworks */,
				A4A2405D25BD241F00F4B299 /* Resources */,
			);
			buildRules = (
			);
			dependencies = (
			);
			name = BodyTracking;
			packageProductDependencies = (
			);
			productName = BodyTracking;
			productReference = A4A2405F25BD241F00F4B299 /* BodyTracking.app */;
			productType = "com.apple.product-type.application";
		};
/* End PBXNativeTarget section */

/* Begin PBXProject section */
		A4A2405725BD241F00F4B299 /* Project object */ = {
			isa = PBXProject;
			attributes = {
				LastSwiftUpdateCheck = 1220;
				LastUpgradeCheck = 1220;
				TargetAttributes = {
					A4A2405E25BD241F00F4B299 = {
						CreatedOnToolsVersion = 12.2;
					};
				};
			};
			buildConfigurationList = A4A2405A25BD241F00F4B299 /* Build configuration list for PBXProject "BodyTracking" */;
			compatibilityVersion = "Xcode 9.3";
			developmentRegion = en;
			hasScannedForEncodings = 0;
			knownRegions = (
				en,
				Base,
			);
			mainGroup = A4A2405625BD241F00F4B299;
			packageReferences = (
			);
			productRefGroup = A4A2406025BD241F00F4B299 /* Products */;
			projectDirPath = "";
			projectRoot = "";
			targets = (
				A4A2405E25BD241F00F4B299 /* BodyTracking */,
			);
		};
/* End PBXProject section */

/* Begin PBXResourcesBuildPhase section */
		A4A2405D25BD241F00F4B299 /* Resources */ = {
			isa = PBXResourcesBuildPhase;
			buildActionMask = 2147483647;
			files = (
				A43815F22679DC8700B68511 /* normal.png in Resources */,
				A43815F42679DC8700B68511 /* baseColor.png in Resources */,
				A43815F32679DC8700B68511 /* metallic.png in Resources */,
				A4A2406F25BD242100F4B299 /* LaunchScreen.storyboard in Resources */,
				A4A2406C25BD242100F4B299 /* Assets.xcassets in Resources */,
				A43815F52679DC8700B68511 /* roughness.png in Resources */,
			);
			runOnlyForDeploymentPostprocessing = 0;
		};
/* End PBXResourcesBuildPhase section */

/* Begin PBXSourcesBuildPhase section */
		A4A2405B25BD241F00F4B299 /* Sources */ = {
			isa = PBXSourcesBuildPhase;
			buildActionMask = 2147483647;
			files = (
				A4A2407925BD24B100F4B299 /* Skeleton.swift in Sources */,
				A4A2406525BD241F00F4B299 /* ViewController.swift in Sources */,
				A4A414DA267987A80014EF14 /* Stretch.metal in Sources */,
				A401810626258E190037AA16 /* Functional.swift in Sources */,
				A4A2406325BD241F00F4B299 /* AppDelegate.swift in Sources */,
				A4A414DC2679897D0014EF14 /* ARView.swift in Sources */,
			);
			runOnlyForDeploymentPostprocessing = 0;
		};
/* End PBXSourcesBuildPhase section */

/* Begin PBXVariantGroup section */
		A4A2406D25BD242100F4B299 /* LaunchScreen.storyboard */ = {
			isa = PBXVariantGroup;
			children = (
				A4A2406E25BD242100F4B299 /* Base */,
			);
			name = LaunchScreen.storyboard;
			sourceTree = "<group>";
		};
/* End PBXVariantGroup section */

/* Begin XCBuildConfiguration section */
		A4A2407125BD242100F4B299 /* Debug */ = {
			isa = XCBuildConfiguration;
			buildSettings = {
				ALWAYS_SEARCH_USER_PATHS = NO;
				CLANG_ANALYZER_NONNULL = YES;
				CLANG_ANALYZER_NUMBER_OBJECT_CONVERSION = YES_AGGRESSIVE;
				CLANG_CXX_LANGUAGE_STANDARD = "gnu++14";
				CLANG_CXX_LIBRARY = "libc++";
				CLANG_ENABLE_MODULES = YES;
				CLANG_ENABLE_OBJC_ARC = YES;
				CLANG_ENABLE_OBJC_WEAK = YES;
				CLANG_WARN_BLOCK_CAPTURE_AUTORELEASING = YES;
				CLANG_WARN_BOOL_CONVERSION = YES;
				CLANG_WARN_COMMA = YES;
				CLANG_WARN_CONSTANT_CONVERSION = YES;
				CLANG_WARN_DEPRECATED_OBJC_IMPLEMENTATIONS = YES;
				CLANG_WARN_DIRECT_OBJC_ISA_USAGE = YES_ERROR;
				CLANG_WARN_DOCUMENTATION_COMMENTS = YES;
				CLANG_WARN_EMPTY_BODY = YES;
				CLANG_WARN_ENUM_CONVERSION = YES;
				CLANG_WARN_INFINITE_RECURSION = YES;
				CLANG_WARN_INT_CONVERSION = YES;
				CLANG_WARN_NON_LITERAL_NULL_CONVERSION = YES;
				CLANG_WARN_OBJC_IMPLICIT_RETAIN_SELF = YES;
				CLANG_WARN_OBJC_LITERAL_CONVERSION = YES;
				CLANG_WARN_OBJC_ROOT_CLASS = YES_ERROR;
				CLANG_WARN_QUOTED_INCLUDE_IN_FRAMEWORK_HEADER = YES;
				CLANG_WARN_RANGE_LOOP_ANALYSIS = YES;
				CLANG_WARN_STRICT_PROTOTYPES = YES;
				CLANG_WARN_SUSPICIOUS_MOVE = YES;
				CLANG_WARN_UNGUARDED_AVAILABILITY = YES_AGGRESSIVE;
				CLANG_WARN_UNREACHABLE_CODE = YES;
				CLANG_WARN__DUPLICATE_METHOD_MATCH = YES;
				COPY_PHASE_STRIP = NO;
				DEBUG_INFORMATION_FORMAT = dwarf;
				ENABLE_STRICT_OBJC_MSGSEND = YES;
				ENABLE_TESTABILITY = YES;
				GCC_C_LANGUAGE_STANDARD = gnu11;
				GCC_DYNAMIC_NO_PIC = NO;
				GCC_NO_COMMON_BLOCKS = YES;
				GCC_OPTIMIZATION_LEVEL = 0;
				GCC_PREPROCESSOR_DEFINITIONS = (
					"DEBUG=1",
					"$(inherited)",
				);
				GCC_WARN_64_TO_32_BIT_CONVERSION = YES;
				GCC_WARN_ABOUT_RETURN_TYPE = YES_ERROR;
				GCC_WARN_UNDECLARED_SELECTOR = YES;
				GCC_WARN_UNINITIALIZED_AUTOS = YES_AGGRESSIVE;
				GCC_WARN_UNUSED_FUNCTION = YES;
				GCC_WARN_UNUSED_VARIABLE = YES;
				IPHONEOS_DEPLOYMENT_TARGET = 15.0;
				MTL_ENABLE_DEBUG_INFO = INCLUDE_SOURCE;
				MTL_FAST_MATH = YES;
				ONLY_ACTIVE_ARCH = YES;
				SDKROOT = iphoneos;
				SWIFT_ACTIVE_COMPILATION_CONDITIONS = DEBUG;
				SWIFT_OPTIMIZATION_LEVEL = "-Onone";
			};
			name = Debug;
		};
		A4A2407225BD242100F4B299 /* Release */ = {
			isa = XCBuildConfiguration;
			buildSettings = {
				ALWAYS_SEARCH_USER_PATHS = NO;
				CLANG_ANALYZER_NONNULL = YES;
				CLANG_ANALYZER_NUMBER_OBJECT_CONVERSION = YES_AGGRESSIVE;
				CLANG_CXX_LANGUAGE_STANDARD = "gnu++14";
				CLANG_CXX_LIBRARY = "libc++";
				CLANG_ENABLE_MODULES = YES;
				CLANG_ENABLE_OBJC_ARC = YES;
				CLANG_ENABLE_OBJC_WEAK = YES;
				CLANG_WARN_BLOCK_CAPTURE_AUTORELEASING = YES;
				CLANG_WARN_BOOL_CONVERSION = YES;
				CLANG_WARN_COMMA = YES;
				CLANG_WARN_CONSTANT_CONVERSION = YES;
				CLANG_WARN_DEPRECATED_OBJC_IMPLEMENTATIONS = YES;
				CLANG_WARN_DIRECT_OBJC_ISA_USAGE = YES_ERROR;
				CLANG_WARN_DOCUMENTATION_COMMENTS = YES;
				CLANG_WARN_EMPTY_BODY = YES;
				CLANG_WARN_ENUM_CONVERSION = YES;
				CLANG_WARN_INFINITE_RECURSION = YES;
				CLANG_WARN_INT_CONVERSION = YES;
				CLANG_WARN_NON_LITERAL_NULL_CONVERSION = YES;
				CLANG_WARN_OBJC_IMPLICIT_RETAIN_SELF = YES;
				CLANG_WARN_OBJC_LITERAL_CONVERSION = YES;
				CLANG_WARN_OBJC_ROOT_CLASS = YES_ERROR;
				CLANG_WARN_QUOTED_INCLUDE_IN_FRAMEWORK_HEADER = YES;
				CLANG_WARN_RANGE_LOOP_ANALYSIS = YES;
				CLANG_WARN_STRICT_PROTOTYPES = YES;
				CLANG_WARN_SUSPICIOUS_MOVE = YES;
				CLANG_WARN_UNGUARDED_AVAILABILITY = YES_AGGRESSIVE;
				CLANG_WARN_UNREACHABLE_CODE = YES;
				CLANG_WARN__DUPLICATE_METHOD_MATCH = YES;
				COPY_PHASE_STRIP = NO;
				DEBUG_INFORMATION_FORMAT = "dwarf-with-dsym";
				ENABLE_NS_ASSERTIONS = NO;
				ENABLE_STRICT_OBJC_MSGSEND = YES;
				GCC_C_LANGUAGE_STANDARD = gnu11;
				GCC_NO_COMMON_BLOCKS = YES;
				GCC_WARN_64_TO_32_BIT_CONVERSION = YES;
				GCC_WARN_ABOUT_RETURN_TYPE = YES_ERROR;
				GCC_WARN_UNDECLARED_SELECTOR = YES;
				GCC_WARN_UNINITIALIZED_AUTOS = YES_AGGRESSIVE;
				GCC_WARN_UNUSED_FUNCTION = YES;
				GCC_WARN_UNUSED_VARIABLE = YES;
				IPHONEOS_DEPLOYMENT_TARGET = 15.0;
				MTL_ENABLE_DEBUG_INFO = NO;
				MTL_FAST_MATH = YES;
				SDKROOT = iphoneos;
				SWIFT_COMPILATION_MODE = wholemodule;
				SWIFT_OPTIMIZATION_LEVEL = "-O";
				VALIDATE_PRODUCT = YES;
			};
			name = Release;
		};
		A4A2407425BD242100F4B299 /* Debug */ = {
			isa = XCBuildConfiguration;
			buildSettings = {
				ASSETCATALOG_COMPILER_APPICON_NAME = AppIcon;
				ASSETCATALOG_COMPILER_GLOBAL_ACCENT_COLOR_NAME = AccentColor;
				CODE_SIGN_STYLE = Automatic;
				DEVELOPMENT_TEAM = SWPDQ88TSM;
				INFOPLIST_FILE = BodyTracking/Info.plist;
				LD_RUNPATH_SEARCH_PATHS = (
					"$(inherited)",
					"@executable_path/Frameworks",
				);
				PRODUCT_BUNDLE_IDENTIFIER = ArtyomMihailovich.BodyTracking;
				PRODUCT_NAME = "$(TARGET_NAME)";
				SWIFT_VERSION = 5.0;
				TARGETED_DEVICE_FAMILY = "1,2";
			};
			name = Debug;
		};
		A4A2407525BD242100F4B299 /* Release */ = {
			isa = XCBuildConfiguration;
			buildSettings = {
				ASSETCATALOG_COMPILER_APPICON_NAME = AppIcon;
				ASSETCATALOG_COMPILER_GLOBAL_ACCENT_COLOR_NAME = AccentColor;
				CODE_SIGN_STYLE = Automatic;
				DEVELOPMENT_TEAM = SWPDQ88TSM;
				INFOPLIST_FILE = BodyTracking/Info.plist;
				LD_RUNPATH_SEARCH_PATHS = (
					"$(inherited)",
					"@executable_path/Frameworks",
				);
				PRODUCT_BUNDLE_IDENTIFIER = ArtyomMihailovich.BodyTracking;
				PRODUCT_NAME = "$(TARGET_NAME)";
				SWIFT_VERSION = 5.0;
				TARGETED_DEVICE_FAMILY = "1,2";
			};
			name = Release;
		};
/* End XCBuildConfiguration section */

/* Begin XCConfigurationList section */
		A4A2405A25BD241F00F4B299 /* Build configuration list for PBXProject "BodyTracking" */ = {
			isa = XCConfigurationList;
			buildConfigurations = (
				A4A2407125BD242100F4B299 /* Debug */,
				A4A2407225BD242100F4B299 /* Release */,
			);
			defaultConfigurationIsVisible = 0;
			defaultConfigurationName = Release;
		};
		A4A2407325BD242100F4B299 /* Build configuration list for PBXNativeTarget "BodyTracking" */ = {
			isa = XCConfigurationList;
			buildConfigurations = (
				A4A2407425BD242100F4B299 /* Debug */,
				A4A2407525BD242100F4B299 /* Release */,
			);
			defaultConfigurationIsVisible = 0;
			defaultConfigurationName = Release;
		};
/* End XCConfigurationList section */
	};
	rootObject = A4A2405725BD241F00F4B299 /* Project object */;
}
